github.com/davecgh/go-spew v1.1.1 h1:vj9j/u1bqnvCEfJOwUhtlOARqs3+rkHYY13jYWTU97c=
github.com/davecgh/go-spew v1.1.1/go.mod h1:J7Y8YcW2NihsgmVo/mv3lAwl/skON4iLHjSsI+c5H38=
github.com/golang-jwt/jwt/v5 v5.2.0 h1:d/ix8ftRUorsN+5eMIlF4T6J8CAt9rch3My2winC1Jw=
github.com/golang-jwt/jwt/v5 v5.2.0/go.mod h1:pqrtFR0X4osieyHYxtmOUWsAWrfe1Q5UVIyoH402zdk=
github.com/joho/godotenv v1.5.1 h1:7eLL/+HRGLY0ldzfGMeQkb7vMd0as4CfYvUVzLqw0N0=
github.com/joho/godotenv v1.5.1/go.mod h1:f4LDr5Voq0i2e/R5DDNOoa2zzDfwtkZa6DnEwAbqwq4=
github.com/patrickmn/go-cache v2.1.0+incompatible h1:HRMgzkcYKYpi3C8ajMPV8OFXaaRUnok+kx1WdO15EQc=
github.com/patrickmn/go-cache v2.1.0+incompatible/go.mod h1:3Qf8kWWT7OJRJbdiICTKqZju1ZixQ/KpMGzzAfe6+WQ=
github.com/pmezard/go-difflib v1.0.0 h1:4DBwDE0NGyQoBHbLQYPwSUPoCMWR5BEzIk/f1lZbAQM=
github.com/pmezard/go-difflib v1.0.0/go.mod h1:iKH77koFhYxTK1pcRnkKkqfTogsbg7gZNVY4sRDYZ/4=
github.com/rgthelen/rownd-go-sdk v0.0.2 h1:56RJQy/1OuSvOKun/XpVn0Ai80SbpuS8Qw2rEfqxxlQ=
github.com/rgthelen/rownd-go-sdk v0.0.2/go.mod h1:x1xyX74KizO3PjBpg4R491wikKCDn23bIkjU0xRL3mE=
github.com/rgthelen/rownd-go-sdk v0.0.4 h1:LiJo19IoTRFb1qonwih9gDqPUDRCiTg04HCIKaO362c=
github.com/rgthelen/rownd-go-sdk v0.0.4/go.mod h1:x1xyX74KizO3PjBpg4R491wikKCDn23bIkjU0xRL3mE=
github.com/rgthelen/rownd-go-sdk v0.0.5 h1:AXLAMWVMVwl6pliFTq8DM/QNk5HXP0a1gsDKjkyvjrA=
github.com/rgthelen/rownd-go-sdk v0.0.5/go.mod h1:x1xyX74KizO3PjBpg4R491wikKCDn23bIkjU0xRL3mE=
github.com/rgthelen/rownd-go-sdk v0.1.9-0.20241121010920-1201c0ce4c7c h1:6hdnCK9YKYI8DipjbvkXNpm0IAAc6lQkkU3UOrCXsb8=
github.com/rgthelen/rownd-go-sdk v0.1.9-0.20241121010920-1201c0ce4c7c/go.mod h1:9G67dpXdCDxM3noGWeg4GasCfpe8MbqbU54eSYV6vqs=
github.com/stretchr/testify v1.9.0 h1:HtqpIVDClZ4nwg75+f6Lvsy/wHu+3BoSGCbBAcpTsTg=
github.com/stretchr/testify v1.9.0/go.mod h1:r2ic/lqez/lEtzL7wO/rwa5dbSLXVDPFyf8C91i36aY=
gopkg.in/yaml.v3 v3.0.1 h1:fxVm/GzAzEWqLHuvctI91KS9hhNmmWOoWu0XTYJS7CA=
gopkg.in/yaml.v3 v3.0.1/go.mod h1:K4uyk7z7BCEPqu6E+C64Yfv1cQ7kz7rIZviUmN+EgEM=
