github.com/golang-jwt/jwt/v5 v5.2.0 h1:d/ix8ftRUorsN+5eMIlF4T6J8CAt9rch3My2winC1Jw=
github.com/golang-jwt/jwt/v5 v5.2.0/go.mod h1:pqrtFR0X4osieyHYxtmOUWsAWrfe1Q5UVIyoH402zdk=
github.com/patrickmn/go-cache v2.1.0+incompatible h1:HRMgzkcYKYpi3C8ajMPV8OFXaaRUnok+kx1WdO15EQc=
github.com/patrickmn/go-cache v2.1.0+incompatible/go.mod h1:3Qf8kWWT7OJRJbdiICTKqZju1ZixQ/KpMGzzAfe6+WQ=
github.com/rgthelen/rownd-go-test v0.1.9-0.20241120045651-c78648dec435 h1:JithnzBojG+/TI0UDWUBxgA1hUD2hCFRVEk/makfKC4=
github.com/rgthelen/rownd-go-test v0.1.9-0.20241120045651-c78648dec435/go.mod h1:iGFCaNEJs0hnKUS5rjuYjKgSKLuhf/JXSkuQnIKysnI=
github.com/rgthelen/rownd-go-test v0.1.9-0.20241120045807-7f6c7b4cd4c2 h1:g1M/DqEdavDzt2mIvF41fedYO9ceQE5qUfBUd9aiaAs=
github.com/rgthelen/rownd-go-test v0.1.9-0.20241120045807-7f6c7b4cd4c2/go.mod h1:iGFCaNEJs0hnKUS5rjuYjKgSKLuhf/JXSkuQnIKysnI=
github.com/rgthelen/rownd-go-test v0.1.9-0.20241120050133-d4aa05981887 h1:xdr3JBTV3E+oJRu0lGUsENZ99+E0ssr9eSyi1JAEJ1Y=
github.com/rgthelen/rownd-go-test v0.1.9-0.20241120050133-d4aa05981887/go.mod h1:iGFCaNEJs0hnKUS5rjuYjKgSKLuhf/JXSkuQnIKysnI=
